
Microsoft Visual Studio Solution File, Format Version 12.00
# Visual Studio 15
Project("{FAE04EC0-301F-11D3-BF4B-00C04F79EFBC}") = "RAFF AR", "Assembly-CSharp.csproj", "{0EDE3E79-1323-0430-E958-5B33C586951B}"
EndProject
Project("{FAE04EC0-301F-11D3-BF4B-00C04F79EFBC}") = "RAFF AR", "Assembly-CSharp-Editor.csproj", "{6CFA6EEA-3A6A-ABDE-EE43-640378E543E9}"
EndProject
Global
	GlobalSection(SolutionConfigurationPlatforms) = preSolution
		Debug|Any CPU = Debug|Any CPU
		Release|Any CPU = Release|Any CPU
	EndGlobalSection
	GlobalSection(ProjectConfigurationPlatforms) = postSolution
		{0EDE3E79-1323-0430-E958-5B33C586951B}.Debug|Any CPU.ActiveCfg = Debug|Any CPU
		{0EDE3E79-1323-0430-E958-5B33C586951B}.Debug|Any CPU.Build.0 = Debug|Any CPU
		{0EDE3E79-1323-0430-E958-5B33C586951B}.Release|Any CPU.ActiveCfg = Release|Any CPU
		{0EDE3E79-1323-0430-E958-5B33C586951B}.Release|Any CPU.Build.0 = Release|Any CPU
		{6CFA6EEA-3A6A-ABDE-EE43-640378E543E9}.Debug|Any CPU.ActiveCfg = Debug|Any CPU
		{6CFA6EEA-3A6A-ABDE-EE43-640378E543E9}.Debug|Any CPU.Build.0 = Debug|Any CPU
		{6CFA6EEA-3A6A-ABDE-EE43-640378E543E9}.Release|Any CPU.ActiveCfg = Release|Any CPU
		{6CFA6EEA-3A6A-ABDE-EE43-640378E543E9}.Release|Any CPU.Build.0 = Release|Any CPU
	EndGlobalSection
	GlobalSection(SolutionProperties) = preSolution
		HideSolutionNode = FALSE
	EndGlobalSection
EndGlobal
